
Microsoft Visual Studio Solution File, Format Version 12.00
# Visual Studio 14
VisualStudioVersion = 14.0.25420.1
MinimumVisualStudioVersion = 10.0.40219.1
Project("{8BC9CEB8-8B4A-11D0-8D11-00A0C91BC942}") = "GravityPoC", "GravityPoC\GravityPoC.vcxproj", "{7350B417-86B9-4F40-A795-5DA67BDAFD7F}"
	ProjectSection(ProjectDependencies) = postProject
		{34F09527-AAB1-4E66-8D90-4390FFB77759} = {34F09527-AAB1-4E66-8D90-4390FFB77759}
		{8CE8CC29-5960-4044-B0C7-6CE0CAEA4016} = {8CE8CC29-5960-4044-B0C7-6CE0CAEA4016}
		{E38E509D-1E2E-47B4-A5FE-37F32E22FE7B} = {E38E509D-1E2E-47B4-A5FE-37F32E22FE7B}
	EndProjectSection
EndProject
Project("{8BC9CEB8-8B4A-11D0-8D11-00A0C91BC942}") = "QuadTree", "QuadTree\QuadTree.vcxproj", "{34F09527-AAB1-4E66-8D90-4390FFB77759}"
EndProject
Project("{8BC9CEB8-8B4A-11D0-8D11-00A0C91BC942}") = "QuadTreeTest", "QuadTreeTest\QuadTreeTest.vcxproj", "{B50EE9E6-B1AA-4365-9255-1BFAEF9F8E17}"
	ProjectSection(ProjectDependencies) = postProject
		{34F09527-AAB1-4E66-8D90-4390FFB77759} = {34F09527-AAB1-4E66-8D90-4390FFB77759}
	EndProjectSection
EndProject
Project("{8BC9CEB8-8B4A-11D0-8D11-00A0C91BC942}") = "SATAlgoTest", "SATAlgoTest\SATAlgoTest.vcxproj", "{7852639F-EE5A-4A08-B80F-55811103BA2D}"
	ProjectSection(ProjectDependencies) = postProject
		{8CE8CC29-5960-4044-B0C7-6CE0CAEA4016} = {8CE8CC29-5960-4044-B0C7-6CE0CAEA4016}
	EndProjectSection
EndProject
Project("{8BC9CEB8-8B4A-11D0-8D11-00A0C91BC942}") = "SATAlgo", "SATAlgo\SATAlgo.vcxproj", "{8CE8CC29-5960-4044-B0C7-6CE0CAEA4016}"
EndProject
Project("{8BC9CEB8-8B4A-11D0-8D11-00A0C91BC942}") = "Network", "Network\Network.vcxproj", "{7CEA2EB0-02A8-4F50-BEC3-5E03CAA41A19}"
EndProject
Project("{8BC9CEB8-8B4A-11D0-8D11-00A0C91BC942}") = "GravityServer", "GravityServer\GravityServer.vcxproj", "{279790E7-30B9-4278-8C7F-71D4F6C06AA0}"
EndProject
Project("{8BC9CEB8-8B4A-11D0-8D11-00A0C91BC942}") = "GravityCommon", "GravityCommon\GravityCommon.vcxproj", "{1DDF4579-2A4A-4D2E-AFB2-E7257ABDA130}"
	ProjectSection(ProjectDependencies) = postProject
		{34F09527-AAB1-4E66-8D90-4390FFB77759} = {34F09527-AAB1-4E66-8D90-4390FFB77759}
		{8CE8CC29-5960-4044-B0C7-6CE0CAEA4016} = {8CE8CC29-5960-4044-B0C7-6CE0CAEA4016}
		{E38E509D-1E2E-47B4-A5FE-37F32E22FE7B} = {E38E509D-1E2E-47B4-A5FE-37F32E22FE7B}
	EndProjectSection
EndProject
Project("{8BC9CEB8-8B4A-11D0-8D11-00A0C91BC942}") = "GravityClient", "GravityClient\GravityClient.vcxproj", "{5FFBAE56-BBFE-4648-9519-FD6C596F1354}"
	ProjectSection(ProjectDependencies) = postProject
		{1DDF4579-2A4A-4D2E-AFB2-E7257ABDA130} = {1DDF4579-2A4A-4D2E-AFB2-E7257ABDA130}
	EndProjectSection
EndProject
Project("{8BC9CEB8-8B4A-11D0-8D11-00A0C91BC942}") = "NetworkTest", "NetworkTest\NetworkTest.vcxproj", "{4070EBFA-6BB5-4A4F-8EF0-DBA621C3BE3F}"
EndProject
Project("{FAE04EC0-301F-11D3-BF4B-00C04F79EFBC}") = "GameLoader", "GameLoader\GameLoader.csproj", "{1BF929CF-73B6-4DB4-8265-7FB331791B1F}"
EndProject
Project("{8BC9CEB8-8B4A-11D0-8D11-00A0C91BC942}") = "XMLLoaders", "XMLLoaders\XMLLoaders.vcxproj", "{E38E509D-1E2E-47B4-A5FE-37F32E22FE7B}"
EndProject
Project("{8BC9CEB8-8B4A-11D0-8D11-00A0C91BC942}") = "XMLLoadersTest", "XMLLoadersTest\XMLLoadersTest.vcxproj", "{B2DC3057-AFA5-4E73-9680-BD9FC6AB8EEF}"
EndProject
Project("{8BC9CEB8-8B4A-11D0-8D11-00A0C91BC942}") = "GravityClient2", "GravityClient2\GravityClient2.vcxproj", "{9AAD578B-780A-4A83-A619-9A23087F9C48}"
EndProject
Global
	GlobalSection(SolutionConfigurationPlatforms) = preSolution
		Debug|x64 = Debug|x64
		Debug|x86 = Debug|x86
		Release|x64 = Release|x64
		Release|x86 = Release|x86
	EndGlobalSection
	GlobalSection(ProjectConfigurationPlatforms) = postSolution
		{7350B417-86B9-4F40-A795-5DA67BDAFD7F}.Debug|x64.ActiveCfg = Debug|x64
		{7350B417-86B9-4F40-A795-5DA67BDAFD7F}.Debug|x64.Build.0 = Debug|x64
		{7350B417-86B9-4F40-A795-5DA67BDAFD7F}.Debug|x86.ActiveCfg = Debug|x64
		{7350B417-86B9-4F40-A795-5DA67BDAFD7F}.Release|x64.ActiveCfg = Release|x64
		{7350B417-86B9-4F40-A795-5DA67BDAFD7F}.Release|x64.Build.0 = Release|x64
		{7350B417-86B9-4F40-A795-5DA67BDAFD7F}.Release|x86.ActiveCfg = Release|x64
		{34F09527-AAB1-4E66-8D90-4390FFB77759}.Debug|x64.ActiveCfg = Debug|x64
		{34F09527-AAB1-4E66-8D90-4390FFB77759}.Debug|x64.Build.0 = Debug|x64
		{34F09527-AAB1-4E66-8D90-4390FFB77759}.Debug|x86.ActiveCfg = Debug|Win32
		{34F09527-AAB1-4E66-8D90-4390FFB77759}.Debug|x86.Build.0 = Debug|Win32
		{34F09527-AAB1-4E66-8D90-4390FFB77759}.Release|x64.ActiveCfg = Release|x64
		{34F09527-AAB1-4E66-8D90-4390FFB77759}.Release|x64.Build.0 = Release|x64
		{34F09527-AAB1-4E66-8D90-4390FFB77759}.Release|x86.ActiveCfg = Release|Win32
		{34F09527-AAB1-4E66-8D90-4390FFB77759}.Release|x86.Build.0 = Release|Win32
		{B50EE9E6-B1AA-4365-9255-1BFAEF9F8E17}.Debug|x64.ActiveCfg = Debug|x64
		{B50EE9E6-B1AA-4365-9255-1BFAEF9F8E17}.Debug|x64.Build.0 = Debug|x64
		{B50EE9E6-B1AA-4365-9255-1BFAEF9F8E17}.Debug|x86.ActiveCfg = Debug|Win32
		{B50EE9E6-B1AA-4365-9255-1BFAEF9F8E17}.Debug|x86.Build.0 = Debug|Win32
		{B50EE9E6-B1AA-4365-9255-1BFAEF9F8E17}.Release|x64.ActiveCfg = Release|x64
		{B50EE9E6-B1AA-4365-9255-1BFAEF9F8E17}.Release|x64.Build.0 = Release|x64
		{B50EE9E6-B1AA-4365-9255-1BFAEF9F8E17}.Release|x86.ActiveCfg = Release|Win32
		{B50EE9E6-B1AA-4365-9255-1BFAEF9F8E17}.Release|x86.Build.0 = Release|Win32
		{7852639F-EE5A-4A08-B80F-55811103BA2D}.Debug|x64.ActiveCfg = Debug|x64
		{7852639F-EE5A-4A08-B80F-55811103BA2D}.Debug|x64.Build.0 = Debug|x64
		{7852639F-EE5A-4A08-B80F-55811103BA2D}.Debug|x86.ActiveCfg = Debug|Win32
		{7852639F-EE5A-4A08-B80F-55811103BA2D}.Debug|x86.Build.0 = Debug|Win32
		{7852639F-EE5A-4A08-B80F-55811103BA2D}.Release|x64.ActiveCfg = Release|x64
		{7852639F-EE5A-4A08-B80F-55811103BA2D}.Release|x64.Build.0 = Release|x64
		{7852639F-EE5A-4A08-B80F-55811103BA2D}.Release|x86.ActiveCfg = Release|Win32
		{7852639F-EE5A-4A08-B80F-55811103BA2D}.Release|x86.Build.0 = Release|Win32
		{8CE8CC29-5960-4044-B0C7-6CE0CAEA4016}.Debug|x64.ActiveCfg = Debug|x64
		{8CE8CC29-5960-4044-B0C7-6CE0CAEA4016}.Debug|x64.Build.0 = Debug|x64
		{8CE8CC29-5960-4044-B0C7-6CE0CAEA4016}.Debug|x86.ActiveCfg = Debug|Win32
		{8CE8CC29-5960-4044-B0C7-6CE0CAEA4016}.Debug|x86.Build.0 = Debug|Win32
		{8CE8CC29-5960-4044-B0C7-6CE0CAEA4016}.Release|x64.ActiveCfg = Release|x64
		{8CE8CC29-5960-4044-B0C7-6CE0CAEA4016}.Release|x64.Build.0 = Release|x64
		{8CE8CC29-5960-4044-B0C7-6CE0CAEA4016}.Release|x86.ActiveCfg = Release|Win32
		{8CE8CC29-5960-4044-B0C7-6CE0CAEA4016}.Release|x86.Build.0 = Release|Win32
		{7CEA2EB0-02A8-4F50-BEC3-5E03CAA41A19}.Debug|x64.ActiveCfg = Debug|x64
		{7CEA2EB0-02A8-4F50-BEC3-5E03CAA41A19}.Debug|x64.Build.0 = Debug|x64
		{7CEA2EB0-02A8-4F50-BEC3-5E03CAA41A19}.Debug|x86.ActiveCfg = Debug|Win32
		{7CEA2EB0-02A8-4F50-BEC3-5E03CAA41A19}.Debug|x86.Build.0 = Debug|Win32
		{7CEA2EB0-02A8-4F50-BEC3-5E03CAA41A19}.Release|x64.ActiveCfg = Release|x64
		{7CEA2EB0-02A8-4F50-BEC3-5E03CAA41A19}.Release|x64.Build.0 = Release|x64
		{7CEA2EB0-02A8-4F50-BEC3-5E03CAA41A19}.Release|x86.ActiveCfg = Release|Win32
		{7CEA2EB0-02A8-4F50-BEC3-5E03CAA41A19}.Release|x86.Build.0 = Release|Win32
		{279790E7-30B9-4278-8C7F-71D4F6C06AA0}.Debug|x64.ActiveCfg = Debug|x64
		{279790E7-30B9-4278-8C7F-71D4F6C06AA0}.Debug|x64.Build.0 = Debug|x64
		{279790E7-30B9-4278-8C7F-71D4F6C06AA0}.Debug|x86.ActiveCfg = Debug|Win32
		{279790E7-30B9-4278-8C7F-71D4F6C06AA0}.Debug|x86.Build.0 = Debug|Win32
		{279790E7-30B9-4278-8C7F-71D4F6C06AA0}.Release|x64.ActiveCfg = Release|x64
		{279790E7-30B9-4278-8C7F-71D4F6C06AA0}.Release|x64.Build.0 = Release|x64
		{279790E7-30B9-4278-8C7F-71D4F6C06AA0}.Release|x86.ActiveCfg = Release|Win32
		{279790E7-30B9-4278-8C7F-71D4F6C06AA0}.Release|x86.Build.0 = Release|Win32
		{1DDF4579-2A4A-4D2E-AFB2-E7257ABDA130}.Debug|x64.ActiveCfg = Debug|x64
		{1DDF4579-2A4A-4D2E-AFB2-E7257ABDA130}.Debug|x64.Build.0 = Debug|x64
		{1DDF4579-2A4A-4D2E-AFB2-E7257ABDA130}.Debug|x86.ActiveCfg = Debug|Win32
		{1DDF4579-2A4A-4D2E-AFB2-E7257ABDA130}.Debug|x86.Build.0 = Debug|Win32
		{1DDF4579-2A4A-4D2E-AFB2-E7257ABDA130}.Release|x64.ActiveCfg = Release|x64
		{1DDF4579-2A4A-4D2E-AFB2-E7257ABDA130}.Release|x64.Build.0 = Release|x64
		{1DDF4579-2A4A-4D2E-AFB2-E7257ABDA130}.Release|x86.ActiveCfg = Release|Win32
		{1DDF4579-2A4A-4D2E-AFB2-E7257ABDA130}.Release|x86.Build.0 = Release|Win32
		{5FFBAE56-BBFE-4648-9519-FD6C596F1354}.Debug|x64.ActiveCfg = Debug|x64
		{5FFBAE56-BBFE-4648-9519-FD6C596F1354}.Debug|x64.Build.0 = Debug|x64
		{5FFBAE56-BBFE-4648-9519-FD6C596F1354}.Debug|x86.ActiveCfg = Debug|Win32
		{5FFBAE56-BBFE-4648-9519-FD6C596F1354}.Debug|x86.Build.0 = Debug|Win32
		{5FFBAE56-BBFE-4648-9519-FD6C596F1354}.Release|x64.ActiveCfg = Release|x64
		{5FFBAE56-BBFE-4648-9519-FD6C596F1354}.Release|x64.Build.0 = Release|x64
		{5FFBAE56-BBFE-4648-9519-FD6C596F1354}.Release|x86.ActiveCfg = Release|Win32
		{5FFBAE56-BBFE-4648-9519-FD6C596F1354}.Release|x86.Build.0 = Release|Win32
		{4070EBFA-6BB5-4A4F-8EF0-DBA621C3BE3F}.Debug|x64.ActiveCfg = Debug|x64
		{4070EBFA-6BB5-4A4F-8EF0-DBA621C3BE3F}.Debug|x64.Build.0 = Debug|x64
		{4070EBFA-6BB5-4A4F-8EF0-DBA621C3BE3F}.Debug|x86.ActiveCfg = Debug|Win32
		{4070EBFA-6BB5-4A4F-8EF0-DBA621C3BE3F}.Debug|x86.Build.0 = Debug|Win32
		{4070EBFA-6BB5-4A4F-8EF0-DBA621C3BE3F}.Release|x64.ActiveCfg = Release|x64
		{4070EBFA-6BB5-4A4F-8EF0-DBA621C3BE3F}.Release|x64.Build.0 = Release|x64
		{4070EBFA-6BB5-4A4F-8EF0-DBA621C3BE3F}.Release|x86.ActiveCfg = Release|Win32
		{4070EBFA-6BB5-4A4F-8EF0-DBA621C3BE3F}.Release|x86.Build.0 = Release|Win32
		{1BF929CF-73B6-4DB4-8265-7FB331791B1F}.Debug|x64.ActiveCfg = Debug|Any CPU
		{1BF929CF-73B6-4DB4-8265-7FB331791B1F}.Debug|x64.Build.0 = Debug|Any CPU
		{1BF929CF-73B6-4DB4-8265-7FB331791B1F}.Debug|x86.ActiveCfg = Debug|Any CPU
		{1BF929CF-73B6-4DB4-8265-7FB331791B1F}.Debug|x86.Build.0 = Debug|Any CPU
		{1BF929CF-73B6-4DB4-8265-7FB331791B1F}.Release|x64.ActiveCfg = Release|Any CPU
		{1BF929CF-73B6-4DB4-8265-7FB331791B1F}.Release|x64.Build.0 = Release|Any CPU
		{1BF929CF-73B6-4DB4-8265-7FB331791B1F}.Release|x86.ActiveCfg = Release|Any CPU
		{1BF929CF-73B6-4DB4-8265-7FB331791B1F}.Release|x86.Build.0 = Release|Any CPU
		{E38E509D-1E2E-47B4-A5FE-37F32E22FE7B}.Debug|x64.ActiveCfg = Debug|x64
		{E38E509D-1E2E-47B4-A5FE-37F32E22FE7B}.Debug|x64.Build.0 = Debug|x64
		{E38E509D-1E2E-47B4-A5FE-37F32E22FE7B}.Debug|x86.ActiveCfg = Debug|Win32
		{E38E509D-1E2E-47B4-A5FE-37F32E22FE7B}.Debug|x86.Build.0 = Debug|Win32
		{E38E509D-1E2E-47B4-A5FE-37F32E22FE7B}.Release|x64.ActiveCfg = Release|x64
		{E38E509D-1E2E-47B4-A5FE-37F32E22FE7B}.Release|x64.Build.0 = Release|x64
		{E38E509D-1E2E-47B4-A5FE-37F32E22FE7B}.Release|x86.ActiveCfg = Release|Win32
		{E38E509D-1E2E-47B4-A5FE-37F32E22FE7B}.Release|x86.Build.0 = Release|Win32
		{B2DC3057-AFA5-4E73-9680-BD9FC6AB8EEF}.Debug|x64.ActiveCfg = Debug|x64
		{B2DC3057-AFA5-4E73-9680-BD9FC6AB8EEF}.Debug|x64.Build.0 = Debug|x64
		{B2DC3057-AFA5-4E73-9680-BD9FC6AB8EEF}.Debug|x86.ActiveCfg = Debug|Win32
		{B2DC3057-AFA5-4E73-9680-BD9FC6AB8EEF}.Debug|x86.Build.0 = Debug|Win32
		{B2DC3057-AFA5-4E73-9680-BD9FC6AB8EEF}.Release|x64.ActiveCfg = Release|x64
		{B2DC3057-AFA5-4E73-9680-BD9FC6AB8EEF}.Release|x64.Build.0 = Release|x64
		{B2DC3057-AFA5-4E73-9680-BD9FC6AB8EEF}.Release|x86.ActiveCfg = Release|Win32
		{B2DC3057-AFA5-4E73-9680-BD9FC6AB8EEF}.Release|x86.Build.0 = Release|Win32
		{9AAD578B-780A-4A83-A619-9A23087F9C48}.Debug|x64.ActiveCfg = Debug|x64
		{9AAD578B-780A-4A83-A619-9A23087F9C48}.Debug|x64.Build.0 = Debug|x64
		{9AAD578B-780A-4A83-A619-9A23087F9C48}.Debug|x86.ActiveCfg = Debug|Win32
		{9AAD578B-780A-4A83-A619-9A23087F9C48}.Debug|x86.Build.0 = Debug|Win32
		{9AAD578B-780A-4A83-A619-9A23087F9C48}.Release|x64.ActiveCfg = Release|x64
		{9AAD578B-780A-4A83-A619-9A23087F9C48}.Release|x64.Build.0 = Release|x64
		{9AAD578B-780A-4A83-A619-9A23087F9C48}.Release|x86.ActiveCfg = Release|Win32
		{9AAD578B-780A-4A83-A619-9A23087F9C48}.Release|x86.Build.0 = Release|Win32
	EndGlobalSection
	GlobalSection(SolutionProperties) = preSolution
		HideSolutionNode = FALSE
	EndGlobalSection
EndGlobal
